
Microsoft Visual Studio Solution File, Format Version 12.00
# Visual Studio Version 17
VisualStudioVersion = 17.0.32112.339
MinimumVisualStudioVersion = 10.0.40219.1
Project("{FAE04EC0-301F-11D3-BF4B-00C04F79EFBC}") = "DynamicFlow", "DynamicFlow\DynamicFlow.csproj", "{081188D0-A8EC-488D-A322-D2B4D6CFAC92}"
EndProject
Project("{FAE04EC0-301F-11D3-BF4B-00C04F79EFBC}") = "DynamicFlow.Domain", "DynamicFlow.Domain\DynamicFlow.Domain.csproj", "{071331BB-4BA6-42E7-822C-D866FBE4423C}"
EndProject
Global
	GlobalSection(SolutionConfigurationPlatforms) = preSolution
		Debug|Any CPU = Debug|Any CPU
		Debug|x64 = Debug|x64
		Release|Any CPU = Release|Any CPU
		Release|x64 = Release|x64
	EndGlobalSection
	GlobalSection(ProjectConfigurationPlatforms) = postSolution
		{0845A6A1-3E77-4C7C-9E2F-3147FE784C40}.Debug|Any CPU.ActiveCfg = Debug|Any CPU
		{0845A6A1-3E77-4C7C-9E2F-3147FE784C40}.Debug|Any CPU.Build.0 = Debug|Any CPU
		{0845A6A1-3E77-4C7C-9E2F-3147FE784C40}.Debug|x64.ActiveCfg = Debug|x64
		{0845A6A1-3E77-4C7C-9E2F-3147FE784C40}.Debug|x64.Build.0 = Debug|x64
		{0845A6A1-3E77-4C7C-9E2F-3147FE784C40}.Release|Any CPU.ActiveCfg = Release|Any CPU
		{0845A6A1-3E77-4C7C-9E2F-3147FE784C40}.Release|Any CPU.Build.0 = Release|Any CPU
		{0845A6A1-3E77-4C7C-9E2F-3147FE784C40}.Release|x64.ActiveCfg = Release|x64
		{0845A6A1-3E77-4C7C-9E2F-3147FE784C40}.Release|x64.Build.0 = Release|x64
		{5589C9D3-9930-4413-8D58-4A39494300A0}.Debug|Any CPU.ActiveCfg = Debug|Any CPU
		{5589C9D3-9930-4413-8D58-4A39494300A0}.Debug|Any CPU.Build.0 = Debug|Any CPU
		{5589C9D3-9930-4413-8D58-4A39494300A0}.Debug|x64.ActiveCfg = Debug|Any CPU
		{5589C9D3-9930-4413-8D58-4A39494300A0}.Debug|x64.Build.0 = Debug|Any CPU
		{5589C9D3-9930-4413-8D58-4A39494300A0}.Release|Any CPU.ActiveCfg = Release|Any CPU
		{5589C9D3-9930-4413-8D58-4A39494300A0}.Release|Any CPU.Build.0 = Release|Any CPU
		{5589C9D3-9930-4413-8D58-4A39494300A0}.Release|x64.ActiveCfg = Release|Any CPU
		{5589C9D3-9930-4413-8D58-4A39494300A0}.Release|x64.Build.0 = Release|Any CPU
		{E06F65FC-E18E-4CC8-8B12-A05ECCCCAD57}.Debug|Any CPU.ActiveCfg = Debug|Any CPU
		{E06F65FC-E18E-4CC8-8B12-A05ECCCCAD57}.Debug|Any CPU.Build.0 = Debug|Any CPU
		{E06F65FC-E18E-4CC8-8B12-A05ECCCCAD57}.Debug|x64.ActiveCfg = Debug|Any CPU
		{E06F65FC-E18E-4CC8-8B12-A05ECCCCAD57}.Debug|x64.Build.0 = Debug|Any CPU
		{E06F65FC-E18E-4CC8-8B12-A05ECCCCAD57}.Release|Any CPU.ActiveCfg = Release|Any CPU
		{E06F65FC-E18E-4CC8-8B12-A05ECCCCAD57}.Release|Any CPU.Build.0 = Release|Any CPU
		{E06F65FC-E18E-4CC8-8B12-A05ECCCCAD57}.Release|x64.ActiveCfg = Release|Any CPU
		{E06F65FC-E18E-4CC8-8B12-A05ECCCCAD57}.Release|x64.Build.0 = Release|Any CPU
		{081188D0-A8EC-488D-A322-D2B4D6CFAC92}.Debug|Any CPU.ActiveCfg = Debug|Any CPU
		{081188D0-A8EC-488D-A322-D2B4D6CFAC92}.Debug|Any CPU.Build.0 = Debug|Any CPU
		{081188D0-A8EC-488D-A322-D2B4D6CFAC92}.Debug|x64.ActiveCfg = Debug|Any CPU
		{081188D0-A8EC-488D-A322-D2B4D6CFAC92}.Debug|x64.Build.0 = Debug|Any CPU
		{081188D0-A8EC-488D-A322-D2B4D6CFAC92}.Release|Any CPU.ActiveCfg = Release|Any CPU
		{081188D0-A8EC-488D-A322-D2B4D6CFAC92}.Release|Any CPU.Build.0 = Release|Any CPU
		{081188D0-A8EC-488D-A322-D2B4D6CFAC92}.Release|x64.ActiveCfg = Release|Any CPU
		{081188D0-A8EC-488D-A322-D2B4D6CFAC92}.Release|x64.Build.0 = Release|Any CPU
		{071331BB-4BA6-42E7-822C-D866FBE4423C}.Debug|Any CPU.ActiveCfg = Debug|Any CPU
		{071331BB-4BA6-42E7-822C-D866FBE4423C}.Debug|Any CPU.Build.0 = Debug|Any CPU
		{071331BB-4BA6-42E7-822C-D866FBE4423C}.Debug|x64.ActiveCfg = Debug|Any CPU
		{071331BB-4BA6-42E7-822C-D866FBE4423C}.Debug|x64.Build.0 = Debug|Any CPU
		{071331BB-4BA6-42E7-822C-D866FBE4423C}.Release|Any CPU.ActiveCfg = Release|Any CPU
		{071331BB-4BA6-42E7-822C-D866FBE4423C}.Release|Any CPU.Build.0 = Release|Any CPU
		{071331BB-4BA6-42E7-822C-D866FBE4423C}.Release|x64.ActiveCfg = Release|Any CPU
		{071331BB-4BA6-42E7-822C-D866FBE4423C}.Release|x64.Build.0 = Release|Any CPU
	EndGlobalSection
	GlobalSection(SolutionProperties) = preSolution
		HideSolutionNode = FALSE
	EndGlobalSection
	GlobalSection(ExtensibilityGlobals) = postSolution
		SolutionGuid = {6A9F866C-77DB-4526-B7EB-BE07988865D0}
	EndGlobalSection
EndGlobal
